
Microsoft Visual Studio Solution File, Format Version 12.00
# Visual Studio 15
VisualStudioVersion = 15.0.27703.2035
MinimumVisualStudioVersion = 10.0.40219.1
Project("{FAE04EC0-301F-11D3-BF4B-00C04F79EFBC}") = "IonicFileAPI", "IonicFileAPI\IonicFileAPI.csproj", "{35FE3BA6-B060-4454-B89E-DC4A501D37E8}"
EndProject
Global
	GlobalSection(SolutionConfigurationPlatforms) = preSolution
		Debug|Any CPU = Debug|Any CPU
		Release|Any CPU = Release|Any CPU
	EndGlobalSection
	GlobalSection(ProjectConfigurationPlatforms) = postSolution
		{35FE3BA6-B060-4454-B89E-DC4A501D37E8}.Debug|Any CPU.ActiveCfg = Debug|Any CPU
		{35FE3BA6-B060-4454-B89E-DC4A501D37E8}.Debug|Any CPU.Build.0 = Debug|Any CPU
		{35FE3BA6-B060-4454-B89E-DC4A501D37E8}.Release|Any CPU.ActiveCfg = Release|Any CPU
		{35FE3BA6-B060-4454-B89E-DC4A501D37E8}.Release|Any CPU.Build.0 = Release|Any CPU
	EndGlobalSection
	GlobalSection(SolutionProperties) = preSolution
		HideSolutionNode = FALSE
	EndGlobalSection
	GlobalSection(ExtensibilityGlobals) = postSolution
		SolutionGuid = {A503FD34-5DA2-4939-98C7-8AAD0DEF5830}
	EndGlobalSection
EndGlobal
